
Microsoft Visual Studio Solution File, Format Version 12.00
# Visual Studio 15
VisualStudioVersion = 15.0.27703.2047
MinimumVisualStudioVersion = 10.0.40219.1
Project("{FAE04EC0-301F-11D3-BF4B-00C04F79EFBC}") = "Blog.Web", "Blog.Web\Blog.Web.csproj", "{9E87C560-A891-4741-8AA5-1EBB2929B47A}"
	ProjectSection(ProjectDependencies) = postProject
		{7B3763B2-6960-470E-B457-A806FEAFD2AE} = {7B3763B2-6960-470E-B457-A806FEAFD2AE}
	EndProjectSection
EndProject
Project("{FAE04EC0-301F-11D3-BF4B-00C04F79EFBC}") = "Blog.Data", "Blog.Data\Blog.Data.csproj", "{7B3763B2-6960-470E-B457-A806FEAFD2AE}"
EndProject
Project("{FAE04EC0-301F-11D3-BF4B-00C04F79EFBC}") = "Blog.Domain", "Blog.Domain\Blog.Domain.csproj", "{1E38511C-A8AC-41CE-B46E-6D94FA6352C8}"
EndProject
Project("{FAE04EC0-301F-11D3-BF4B-00C04F79EFBC}") = "Blog.Services", "Blog.Services\Blog.Services.csproj", "{62CC33A4-DB0B-43E8-9B16-54DECC1B4DDD}"
EndProject
Global
	GlobalSection(SolutionConfigurationPlatforms) = preSolution
		Debug|Any CPU = Debug|Any CPU
		Release|Any CPU = Release|Any CPU
	EndGlobalSection
	GlobalSection(ProjectConfigurationPlatforms) = postSolution
		{9E87C560-A891-4741-8AA5-1EBB2929B47A}.Debug|Any CPU.ActiveCfg = Debug|Any CPU
		{9E87C560-A891-4741-8AA5-1EBB2929B47A}.Debug|Any CPU.Build.0 = Debug|Any CPU
		{9E87C560-A891-4741-8AA5-1EBB2929B47A}.Release|Any CPU.ActiveCfg = Release|Any CPU
		{9E87C560-A891-4741-8AA5-1EBB2929B47A}.Release|Any CPU.Build.0 = Release|Any CPU
		{7B3763B2-6960-470E-B457-A806FEAFD2AE}.Debug|Any CPU.ActiveCfg = Debug|Any CPU
		{7B3763B2-6960-470E-B457-A806FEAFD2AE}.Debug|Any CPU.Build.0 = Debug|Any CPU
		{7B3763B2-6960-470E-B457-A806FEAFD2AE}.Release|Any CPU.ActiveCfg = Release|Any CPU
		{7B3763B2-6960-470E-B457-A806FEAFD2AE}.Release|Any CPU.Build.0 = Release|Any CPU
		{1E38511C-A8AC-41CE-B46E-6D94FA6352C8}.Debug|Any CPU.ActiveCfg = Debug|Any CPU
		{1E38511C-A8AC-41CE-B46E-6D94FA6352C8}.Debug|Any CPU.Build.0 = Debug|Any CPU
		{1E38511C-A8AC-41CE-B46E-6D94FA6352C8}.Release|Any CPU.ActiveCfg = Release|Any CPU
		{1E38511C-A8AC-41CE-B46E-6D94FA6352C8}.Release|Any CPU.Build.0 = Release|Any CPU
		{62CC33A4-DB0B-43E8-9B16-54DECC1B4DDD}.Debug|Any CPU.ActiveCfg = Debug|Any CPU
		{62CC33A4-DB0B-43E8-9B16-54DECC1B4DDD}.Debug|Any CPU.Build.0 = Debug|Any CPU
		{62CC33A4-DB0B-43E8-9B16-54DECC1B4DDD}.Release|Any CPU.ActiveCfg = Release|Any CPU
		{62CC33A4-DB0B-43E8-9B16-54DECC1B4DDD}.Release|Any CPU.Build.0 = Release|Any CPU
	EndGlobalSection
	GlobalSection(SolutionProperties) = preSolution
		HideSolutionNode = FALSE
	EndGlobalSection
	GlobalSection(ExtensibilityGlobals) = postSolution
		SolutionGuid = {BB12284F-C556-4E33-87AC-9916E6D563AF}
	EndGlobalSection
EndGlobal
